// !$*UTF8*$!
{
	archiveVersion = 1;
	classes = {
	};
	objectVersion = 56;
	objects = {

/* Begin PBXBuildFile section */
		2310C79D2965026F0067979E /* AppDelegate.swift in Sources */ = {isa = PBXBuildFile; fileRef = 2310C79C2965026F0067979E /* AppDelegate.swift */; };
		2310C79F2965026F0067979E /* SceneDelegate.swift in Sources */ = {isa = PBXBuildFile; fileRef = 2310C79E2965026F0067979E /* SceneDelegate.swift */; };
		2310C7A12965026F0067979E /* CalculatorController.swift in Sources */ = {isa = PBXBuildFile; fileRef = 2310C7A02965026F0067979E /* CalculatorController.swift */; };
		2310C7A6296502710067979E /* Assets.xcassets in Resources */ = {isa = PBXBuildFile; fileRef = 2310C7A5296502710067979E /* Assets.xcassets */; };
		2310C7A9296502710067979E /* LaunchScreen.storyboard in Resources */ = {isa = PBXBuildFile; fileRef = 2310C7A7296502710067979E /* LaunchScreen.storyboard */; };
		2321A5422A8D8BE400A9AE1F /* ICRRowView2.swift in Sources */ = {isa = PBXBuildFile; fileRef = 2321A5412A8D8BE400A9AE1F /* ICRRowView2.swift */; };
		2321A5442A8D903F00A9AE1F /* ICRColumView.swift in Sources */ = {isa = PBXBuildFile; fileRef = 2321A5432A8D903F00A9AE1F /* ICRColumView.swift */; };
		2321A5462A8D94DA00A9AE1F /* ICRRowView3.swift in Sources */ = {isa = PBXBuildFile; fileRef = 2321A5452A8D94DA00A9AE1F /* ICRRowView3.swift */; };
		2321A5482A8D965200A9AE1F /* ICRRowView4.swift in Sources */ = {isa = PBXBuildFile; fileRef = 2321A5472A8D965200A9AE1F /* ICRRowView4.swift */; };
		2321A54A2A8D965D00A9AE1F /* ICRRowView5.swift in Sources */ = {isa = PBXBuildFile; fileRef = 2321A5492A8D965D00A9AE1F /* ICRRowView5.swift */; };
		2321A54C2A8D9CD500A9AE1F /* ICRRowInternal1.swift in Sources */ = {isa = PBXBuildFile; fileRef = 2321A54B2A8D9CD500A9AE1F /* ICRRowInternal1.swift */; };
		2321A54E2A8D9CE200A9AE1F /* ICRRowInternal2.swift in Sources */ = {isa = PBXBuildFile; fileRef = 2321A54D2A8D9CE200A9AE1F /* ICRRowInternal2.swift */; };
		234654B32A817D22001B9802 /* CalculatorScreen.swift in Sources */ = {isa = PBXBuildFile; fileRef = 234654B22A817D22001B9802 /* CalculatorScreen.swift */; };
		234654B52A81BA02001B9802 /* Calculator2Controller.swift in Sources */ = {isa = PBXBuildFile; fileRef = 234654B42A81BA02001B9802 /* Calculator2Controller.swift */; };
		2346B0A7297603E200692A73 /* Operations.swift in Sources */ = {isa = PBXBuildFile; fileRef = 2346B0A6297603E200692A73 /* Operations.swift */; };
		236E1FD42A8D4598004290CA /* UIColorExtension.swift in Sources */ = {isa = PBXBuildFile; fileRef = 236E1FD32A8D4598004290CA /* UIColorExtension.swift */; };
		236E1FD62A8D466A004290CA /* ICRButton.swift in Sources */ = {isa = PBXBuildFile; fileRef = 236E1FD52A8D466A004290CA /* ICRButton.swift */; };
		236E1FD82A8D58A9004290CA /* AtomStackView.swift in Sources */ = {isa = PBXBuildFile; fileRef = 236E1FD72A8D58A9004290CA /* AtomStackView.swift */; };
		2372BECF296CE24B0074E64E /* UIButtonExtension.swift in Sources */ = {isa = PBXBuildFile; fileRef = 2372BECE296CE24B0074E64E /* UIButtonExtension.swift */; };
		23FE72C82A86A5830042CDD0 /* ICRRowView1.swift in Sources */ = {isa = PBXBuildFile; fileRef = 23FE72C72A86A5830042CDD0 /* ICRRowView1.swift */; };
		23FE72CC2A86B7860042CDD0 /* Simbols.swift in Sources */ = {isa = PBXBuildFile; fileRef = 23FE72CB2A86B7860042CDD0 /* Simbols.swift */; };
/* End PBXBuildFile section */

/* Begin PBXFileReference section */
		2310C7992965026F0067979E /* calculatoruikit.app */ = {isa = PBXFileReference; explicitFileType = wrapper.application; includeInIndex = 0; path = calculatoruikit.app; sourceTree = BUILT_PRODUCTS_DIR; };
		2310C79C2965026F0067979E /* AppDelegate.swift */ = {isa = PBXFileReference; lastKnownFileType = sourcecode.swift; path = AppDelegate.swift; sourceTree = "<group>"; };
		2310C79E2965026F0067979E /* SceneDelegate.swift */ = {isa = PBXFileReference; lastKnownFileType = sourcecode.swift; path = SceneDelegate.swift; sourceTree = "<group>"; };
		2310C7A02965026F0067979E /* CalculatorController.swift */ = {isa = PBXFileReference; lastKnownFileType = sourcecode.swift; path = CalculatorController.swift; sourceTree = "<group>"; };
		2310C7A5296502710067979E /* Assets.xcassets */ = {isa = PBXFileReference; lastKnownFileType = folder.assetcatalog; path = Assets.xcassets; sourceTree = "<group>"; };
		2310C7A8296502710067979E /* Base */ = {isa = PBXFileReference; lastKnownFileType = file.storyboard; name = Base; path = Base.lproj/LaunchScreen.storyboard; sourceTree = "<group>"; };
		2310C7AA296502710067979E /* Info.plist */ = {isa = PBXFileReference; lastKnownFileType = text.plist.xml; path = Info.plist; sourceTree = "<group>"; };
		2321A5412A8D8BE400A9AE1F /* ICRRowView2.swift */ = {isa = PBXFileReference; lastKnownFileType = sourcecode.swift; path = ICRRowView2.swift; sourceTree = "<group>"; };
		2321A5432A8D903F00A9AE1F /* ICRColumView.swift */ = {isa = PBXFileReference; lastKnownFileType = sourcecode.swift; path = ICRColumView.swift; sourceTree = "<group>"; };
		2321A5452A8D94DA00A9AE1F /* ICRRowView3.swift */ = {isa = PBXFileReference; lastKnownFileType = sourcecode.swift; path = ICRRowView3.swift; sourceTree = "<group>"; };
		2321A5472A8D965200A9AE1F /* ICRRowView4.swift */ = {isa = PBXFileReference; lastKnownFileType = sourcecode.swift; path = ICRRowView4.swift; sourceTree = "<group>"; };
		2321A5492A8D965D00A9AE1F /* ICRRowView5.swift */ = {isa = PBXFileReference; lastKnownFileType = sourcecode.swift; path = ICRRowView5.swift; sourceTree = "<group>"; };
		2321A54B2A8D9CD500A9AE1F /* ICRRowInternal1.swift */ = {isa = PBXFileReference; lastKnownFileType = sourcecode.swift; path = ICRRowInternal1.swift; sourceTree = "<group>"; };
		2321A54D2A8D9CE200A9AE1F /* ICRRowInternal2.swift */ = {isa = PBXFileReference; lastKnownFileType = sourcecode.swift; path = ICRRowInternal2.swift; sourceTree = "<group>"; };
		234654B22A817D22001B9802 /* CalculatorScreen.swift */ = {isa = PBXFileReference; lastKnownFileType = sourcecode.swift; path = CalculatorScreen.swift; sourceTree = "<group>"; };
		234654B42A81BA02001B9802 /* Calculator2Controller.swift */ = {isa = PBXFileReference; lastKnownFileType = sourcecode.swift; path = Calculator2Controller.swift; sourceTree = "<group>"; };
		2346B0A6297603E200692A73 /* Operations.swift */ = {isa = PBXFileReference; lastKnownFileType = sourcecode.swift; path = Operations.swift; sourceTree = "<group>"; };
		236E1FD32A8D4598004290CA /* UIColorExtension.swift */ = {isa = PBXFileReference; lastKnownFileType = sourcecode.swift; path = UIColorExtension.swift; sourceTree = "<group>"; };
		236E1FD52A8D466A004290CA /* ICRButton.swift */ = {isa = PBXFileReference; lastKnownFileType = sourcecode.swift; path = ICRButton.swift; sourceTree = "<group>"; };
		236E1FD72A8D58A9004290CA /* AtomStackView.swift */ = {isa = PBXFileReference; lastKnownFileType = sourcecode.swift; path = AtomStackView.swift; sourceTree = "<group>"; };
		2372BECE296CE24B0074E64E /* UIButtonExtension.swift */ = {isa = PBXFileReference; lastKnownFileType = sourcecode.swift; path = UIButtonExtension.swift; sourceTree = "<group>"; };
		23FE72C72A86A5830042CDD0 /* ICRRowView1.swift */ = {isa = PBXFileReference; lastKnownFileType = sourcecode.swift; path = ICRRowView1.swift; sourceTree = "<group>"; };
		23FE72CB2A86B7860042CDD0 /* Simbols.swift */ = {isa = PBXFileReference; lastKnownFileType = sourcecode.swift; path = Simbols.swift; sourceTree = "<group>"; };
/* End PBXFileReference section */

/* Begin PBXFrameworksBuildPhase section */
		2310C7962965026F0067979E /* Frameworks */ = {
			isa = PBXFrameworksBuildPhase;
			buildActionMask = 2147483647;
			files = (
			);
			runOnlyForDeploymentPostprocessing = 0;
		};
/* End PBXFrameworksBuildPhase section */

/* Begin PBXGroup section */
		2310C7902965026F0067979E = {
			isa = PBXGroup;
			children = (
				2310C79B2965026F0067979E /* calculatoruikit */,
				2310C79A2965026F0067979E /* Products */,
			);
			sourceTree = "<group>";
		};
		2310C79A2965026F0067979E /* Products */ = {
			isa = PBXGroup;
			children = (
				2310C7992965026F0067979E /* calculatoruikit.app */,
			);
			name = Products;
			sourceTree = "<group>";
		};
		2310C79B2965026F0067979E /* calculatoruikit */ = {
			isa = PBXGroup;
			children = (
				2346B0A5297603CD00692A73 /* domain */,
				234654B02A817CC8001B9802 /* presentation */,
				2310C7B2296502F00067979E /* resources */,
				2310C7B0296502E40067979E /* settings */,
			);
			path = calculatoruikit;
			sourceTree = "<group>";
		};
		2310C7B0296502E40067979E /* settings */ = {
			isa = PBXGroup;
			children = (
				2310C79C2965026F0067979E /* AppDelegate.swift */,
				2310C79E2965026F0067979E /* SceneDelegate.swift */,
				2310C7AA296502710067979E /* Info.plist */,
			);
			path = settings;
			sourceTree = "<group>";
		};
		2310C7B1296502EB0067979E /* ui */ = {
			isa = PBXGroup;
			children = (
				234654B62A81BC48001B9802 /* AtomicDesign */,
			);
			path = ui;
			sourceTree = "<group>";
		};
		2310C7B2296502F00067979E /* resources */ = {
			isa = PBXGroup;
			children = (
				2310C7A5296502710067979E /* Assets.xcassets */,
				2372BECE296CE24B0074E64E /* UIButtonExtension.swift */,
				236E1FD32A8D4598004290CA /* UIColorExtension.swift */,
			);
			path = resources;
			sourceTree = "<group>";
		};
		2321A53F2A8D8AF300A9AE1F /* atoms */ = {
			isa = PBXGroup;
			children = (
				236E1FD72A8D58A9004290CA /* AtomStackView.swift */,
				236E1FD52A8D466A004290CA /* ICRButton.swift */,
			);
			path = atoms;
			sourceTree = "<group>";
		};
		2321A5402A8D8B0D00A9AE1F /* molecules */ = {
			isa = PBXGroup;
			children = (
				23FE72C72A86A5830042CDD0 /* ICRRowView1.swift */,
				2321A5412A8D8BE400A9AE1F /* ICRRowView2.swift */,
				2321A5452A8D94DA00A9AE1F /* ICRRowView3.swift */,
				2321A5472A8D965200A9AE1F /* ICRRowView4.swift */,
				2321A5492A8D965D00A9AE1F /* ICRRowView5.swift */,
				2321A54B2A8D9CD500A9AE1F /* ICRRowInternal1.swift */,
				2321A54D2A8D9CE200A9AE1F /* ICRRowInternal2.swift */,
				2321A5432A8D903F00A9AE1F /* ICRColumView.swift */,
			);
			path = molecules;
			sourceTree = "<group>";
		};
		2321A5512A8DA6A800A9AE1F /* screens */ = {
			isa = PBXGroup;
			children = (
				2310C7A7296502710067979E /* LaunchScreen.storyboard */,
				234654B22A817D22001B9802 /* CalculatorScreen.swift */,
			);
			path = screens;
			sourceTree = "<group>";
		};
		234654B02A817CC8001B9802 /* presentation */ = {
			isa = PBXGroup;
			children = (
				234654B12A817CFA001B9802 /* controllers */,
				2310C7B1296502EB0067979E /* ui */,
			);
			path = presentation;
			sourceTree = "<group>";
		};
		234654B12A817CFA001B9802 /* controllers */ = {
			isa = PBXGroup;
			children = (
				2310C7A02965026F0067979E /* CalculatorController.swift */,
				234654B42A81BA02001B9802 /* Calculator2Controller.swift */,
			);
			path = controllers;
			sourceTree = "<group>";
		};
		234654B62A81BC48001B9802 /* AtomicDesign */ = {
			isa = PBXGroup;
			children = (
				2321A53F2A8D8AF300A9AE1F /* atoms */,
				2321A5402A8D8B0D00A9AE1F /* molecules */,
				2321A5512A8DA6A800A9AE1F /* screens */,
			);
			path = AtomicDesign;
			sourceTree = "<group>";
		};
		2346B0A5297603CD00692A73 /* domain */ = {
			isa = PBXGroup;
			children = (
				2346B0A6297603E200692A73 /* Operations.swift */,
				23FE72CB2A86B7860042CDD0 /* Simbols.swift */,
			);
			path = domain;
			sourceTree = "<group>";
		};
/* End PBXGroup section */

/* Begin PBXNativeTarget section */
		2310C7982965026F0067979E /* calculatoruikit */ = {
			isa = PBXNativeTarget;
			buildConfigurationList = 2310C7AD296502710067979E /* Build configuration list for PBXNativeTarget "calculatoruikit" */;
			buildPhases = (
				2310C7952965026F0067979E /* Sources */,
				2310C7962965026F0067979E /* Frameworks */,
				2310C7972965026F0067979E /* Resources */,
			);
			buildRules = (
			);
			dependencies = (
			);
			name = calculatoruikit;
			productName = calculatoruikit;
			productReference = 2310C7992965026F0067979E /* calculatoruikit.app */;
			productType = "com.apple.product-type.application";
		};
/* End PBXNativeTarget section */

/* Begin PBXProject section */
		2310C7912965026F0067979E /* Project object */ = {
			isa = PBXProject;
			attributes = {
				BuildIndependentTargetsInParallel = 1;
				LastSwiftUpdateCheck = 1410;
				LastUpgradeCheck = 1410;
				TargetAttributes = {
					2310C7982965026F0067979E = {
						CreatedOnToolsVersion = 14.1;
					};
				};
			};
			buildConfigurationList = 2310C7942965026F0067979E /* Build configuration list for PBXProject "calculatoruikit" */;
			compatibilityVersion = "Xcode 14.0";
			developmentRegion = en;
			hasScannedForEncodings = 0;
			knownRegions = (
				en,
				Base,
			);
			mainGroup = 2310C7902965026F0067979E;
			productRefGroup = 2310C79A2965026F0067979E /* Products */;
			projectDirPath = "";
			projectRoot = "";
			targets = (
				2310C7982965026F0067979E /* calculatoruikit */,
			);
		};
/* End PBXProject section */

/* Begin PBXResourcesBuildPhase section */
		2310C7972965026F0067979E /* Resources */ = {
			isa = PBXResourcesBuildPhase;
			buildActionMask = 2147483647;
			files = (
				2310C7A9296502710067979E /* LaunchScreen.storyboard in Resources */,
				2310C7A6296502710067979E /* Assets.xcassets in Resources */,
			);
			runOnlyForDeploymentPostprocessing = 0;
		};
/* End PBXResourcesBuildPhase section */

/* Begin PBXSourcesBuildPhase section */
		2310C7952965026F0067979E /* Sources */ = {
			isa = PBXSourcesBuildPhase;
			buildActionMask = 2147483647;
			files = (
				2321A54A2A8D965D00A9AE1F /* ICRRowView5.swift in Sources */,
				23FE72CC2A86B7860042CDD0 /* Simbols.swift in Sources */,
				2321A5482A8D965200A9AE1F /* ICRRowView4.swift in Sources */,
				2310C7A12965026F0067979E /* CalculatorController.swift in Sources */,
				2321A54C2A8D9CD500A9AE1F /* ICRRowInternal1.swift in Sources */,
				234654B52A81BA02001B9802 /* Calculator2Controller.swift in Sources */,
				2372BECF296CE24B0074E64E /* UIButtonExtension.swift in Sources */,
				2321A5422A8D8BE400A9AE1F /* ICRRowView2.swift in Sources */,
				2321A5462A8D94DA00A9AE1F /* ICRRowView3.swift in Sources */,
				23FE72C82A86A5830042CDD0 /* ICRRowView1.swift in Sources */,
				234654B32A817D22001B9802 /* CalculatorScreen.swift in Sources */,
				2310C79D2965026F0067979E /* AppDelegate.swift in Sources */,
				236E1FD42A8D4598004290CA /* UIColorExtension.swift in Sources */,
				2310C79F2965026F0067979E /* SceneDelegate.swift in Sources */,
				236E1FD62A8D466A004290CA /* ICRButton.swift in Sources */,
				2321A54E2A8D9CE200A9AE1F /* ICRRowInternal2.swift in Sources */,
				236E1FD82A8D58A9004290CA /* AtomStackView.swift in Sources */,
				2321A5442A8D903F00A9AE1F /* ICRColumView.swift in Sources */,
				2346B0A7297603E200692A73 /* Operations.swift in Sources */,
			);
			runOnlyForDeploymentPostprocessing = 0;
		};
/* End PBXSourcesBuildPhase section */

/* Begin PBXVariantGroup section */
		2310C7A7296502710067979E /* LaunchScreen.storyboard */ = {
			isa = PBXVariantGroup;
			children = (
				2310C7A8296502710067979E /* Base */,
			);
			name = LaunchScreen.storyboard;
			sourceTree = "<group>";
		};
/* End PBXVariantGroup section */

/* Begin XCBuildConfiguration section */
		2310C7AB296502710067979E /* Debug */ = {
			isa = XCBuildConfiguration;
			buildSettings = {
				ALWAYS_SEARCH_USER_PATHS = NO;
				CLANG_ANALYZER_NONNULL = YES;
				CLANG_ANALYZER_NUMBER_OBJECT_CONVERSION = YES_AGGRESSIVE;
				CLANG_CXX_LANGUAGE_STANDARD = "gnu++20";
				CLANG_ENABLE_MODULES = YES;
				CLANG_ENABLE_OBJC_ARC = YES;
				CLANG_ENABLE_OBJC_WEAK = YES;
				CLANG_WARN_BLOCK_CAPTURE_AUTORELEASING = YES;
				CLANG_WARN_BOOL_CONVERSION = YES;
				CLANG_WARN_COMMA = YES;
				CLANG_WARN_CONSTANT_CONVERSION = YES;
				CLANG_WARN_DEPRECATED_OBJC_IMPLEMENTATIONS = YES;
				CLANG_WARN_DIRECT_OBJC_ISA_USAGE = YES_ERROR;
				CLANG_WARN_DOCUMENTATION_COMMENTS = YES;
				CLANG_WARN_EMPTY_BODY = YES;
				CLANG_WARN_ENUM_CONVERSION = YES;
				CLANG_WARN_INFINITE_RECURSION = YES;
				CLANG_WARN_INT_CONVERSION = YES;
				CLANG_WARN_NON_LITERAL_NULL_CONVERSION = YES;
				CLANG_WARN_OBJC_IMPLICIT_RETAIN_SELF = YES;
				CLANG_WARN_OBJC_LITERAL_CONVERSION = YES;
				CLANG_WARN_OBJC_ROOT_CLASS = YES_ERROR;
				CLANG_WARN_QUOTED_INCLUDE_IN_FRAMEWORK_HEADER = YES;
				CLANG_WARN_RANGE_LOOP_ANALYSIS = YES;
				CLANG_WARN_STRICT_PROTOTYPES = YES;
				CLANG_WARN_SUSPICIOUS_MOVE = YES;
				CLANG_WARN_UNGUARDED_AVAILABILITY = YES_AGGRESSIVE;
				CLANG_WARN_UNREACHABLE_CODE = YES;
				CLANG_WARN__DUPLICATE_METHOD_MATCH = YES;
				COPY_PHASE_STRIP = NO;
				DEBUG_INFORMATION_FORMAT = dwarf;
				ENABLE_STRICT_OBJC_MSGSEND = YES;
				ENABLE_TESTABILITY = YES;
				GCC_C_LANGUAGE_STANDARD = gnu11;
				GCC_DYNAMIC_NO_PIC = NO;
				GCC_NO_COMMON_BLOCKS = YES;
				GCC_OPTIMIZATION_LEVEL = 0;
				GCC_PREPROCESSOR_DEFINITIONS = (
					"DEBUG=1",
					"$(inherited)",
				);
				GCC_WARN_64_TO_32_BIT_CONVERSION = YES;
				GCC_WARN_ABOUT_RETURN_TYPE = YES_ERROR;
				GCC_WARN_UNDECLARED_SELECTOR = YES;
				GCC_WARN_UNINITIALIZED_AUTOS = YES_AGGRESSIVE;
				GCC_WARN_UNUSED_FUNCTION = YES;
				GCC_WARN_UNUSED_VARIABLE = YES;
				IPHONEOS_DEPLOYMENT_TARGET = 16.1;
				MTL_ENABLE_DEBUG_INFO = INCLUDE_SOURCE;
				MTL_FAST_MATH = YES;
				ONLY_ACTIVE_ARCH = YES;
				SDKROOT = iphoneos;
				SWIFT_ACTIVE_COMPILATION_CONDITIONS = DEBUG;
				SWIFT_OPTIMIZATION_LEVEL = "-Onone";
			};
			name = Debug;
		};
		2310C7AC296502710067979E /* Release */ = {
			isa = XCBuildConfiguration;
			buildSettings = {
				ALWAYS_SEARCH_USER_PATHS = NO;
				CLANG_ANALYZER_NONNULL = YES;
				CLANG_ANALYZER_NUMBER_OBJECT_CONVERSION = YES_AGGRESSIVE;
				CLANG_CXX_LANGUAGE_STANDARD = "gnu++20";
				CLANG_ENABLE_MODULES = YES;
				CLANG_ENABLE_OBJC_ARC = YES;
				CLANG_ENABLE_OBJC_WEAK = YES;
				CLANG_WARN_BLOCK_CAPTURE_AUTORELEASING = YES;
				CLANG_WARN_BOOL_CONVERSION = YES;
				CLANG_WARN_COMMA = YES;
				CLANG_WARN_CONSTANT_CONVERSION = YES;
				CLANG_WARN_DEPRECATED_OBJC_IMPLEMENTATIONS = YES;
				CLANG_WARN_DIRECT_OBJC_ISA_USAGE = YES_ERROR;
				CLANG_WARN_DOCUMENTATION_COMMENTS = YES;
				CLANG_WARN_EMPTY_BODY = YES;
				CLANG_WARN_ENUM_CONVERSION = YES;
				CLANG_WARN_INFINITE_RECURSION = YES;
				CLANG_WARN_INT_CONVERSION = YES;
				CLANG_WARN_NON_LITERAL_NULL_CONVERSION = YES;
				CLANG_WARN_OBJC_IMPLICIT_RETAIN_SELF = YES;
				CLANG_WARN_OBJC_LITERAL_CONVERSION = YES;
				CLANG_WARN_OBJC_ROOT_CLASS = YES_ERROR;
				CLANG_WARN_QUOTED_INCLUDE_IN_FRAMEWORK_HEADER = YES;
				CLANG_WARN_RANGE_LOOP_ANALYSIS = YES;
				CLANG_WARN_STRICT_PROTOTYPES = YES;
				CLANG_WARN_SUSPICIOUS_MOVE = YES;
				CLANG_WARN_UNGUARDED_AVAILABILITY = YES_AGGRESSIVE;
				CLANG_WARN_UNREACHABLE_CODE = YES;
				CLANG_WARN__DUPLICATE_METHOD_MATCH = YES;
				COPY_PHASE_STRIP = NO;
				DEBUG_INFORMATION_FORMAT = "dwarf-with-dsym";
				ENABLE_NS_ASSERTIONS = NO;
				ENABLE_STRICT_OBJC_MSGSEND = YES;
				GCC_C_LANGUAGE_STANDARD = gnu11;
				GCC_NO_COMMON_BLOCKS = YES;
				GCC_WARN_64_TO_32_BIT_CONVERSION = YES;
				GCC_WARN_ABOUT_RETURN_TYPE = YES_ERROR;
				GCC_WARN_UNDECLARED_SELECTOR = YES;
				GCC_WARN_UNINITIALIZED_AUTOS = YES_AGGRESSIVE;
				GCC_WARN_UNUSED_FUNCTION = YES;
				GCC_WARN_UNUSED_VARIABLE = YES;
				IPHONEOS_DEPLOYMENT_TARGET = 16.1;
				MTL_ENABLE_DEBUG_INFO = NO;
				MTL_FAST_MATH = YES;
				SDKROOT = iphoneos;
				SWIFT_COMPILATION_MODE = wholemodule;
				SWIFT_OPTIMIZATION_LEVEL = "-O";
				VALIDATE_PRODUCT = YES;
			};
			name = Release;
		};
		2310C7AE296502710067979E /* Debug */ = {
			isa = XCBuildConfiguration;
			buildSettings = {
				ASSETCATALOG_COMPILER_APPICON_NAME = AppIcon;
				CODE_SIGN_STYLE = Automatic;
				CURRENT_PROJECT_VERSION = 1;
				GENERATE_INFOPLIST_FILE = YES;
				INFOPLIST_FILE = calculatoruikit/settings/Info.plist;
				INFOPLIST_KEY_UIApplicationSupportsIndirectInputEvents = YES;
				INFOPLIST_KEY_UILaunchStoryboardName = LaunchScreen;
				INFOPLIST_KEY_UISupportedInterfaceOrientations_iPad = "UIInterfaceOrientationPortrait UIInterfaceOrientationPortraitUpsideDown UIInterfaceOrientationLandscapeLeft UIInterfaceOrientationLandscapeRight";
				INFOPLIST_KEY_UISupportedInterfaceOrientations_iPhone = "UIInterfaceOrientationPortrait UIInterfaceOrientationLandscapeLeft UIInterfaceOrientationLandscapeRight";
				LD_RUNPATH_SEARCH_PATHS = (
					"$(inherited)",
					"@executable_path/Frameworks",
				);
				MARKETING_VERSION = 1.0;
				PRODUCT_BUNDLE_IDENTIFIER = com.ivancoder.calculatoruikit;
				PRODUCT_NAME = "$(TARGET_NAME)";
				SWIFT_EMIT_LOC_STRINGS = YES;
				SWIFT_VERSION = 5.0;
				TARGETED_DEVICE_FAMILY = "1,2";
			};
			name = Debug;
		};
		2310C7AF296502710067979E /* Release */ = {
			isa = XCBuildConfiguration;
			buildSettings = {
				ASSETCATALOG_COMPILER_APPICON_NAME = AppIcon;
				CODE_SIGN_STYLE = Automatic;
				CURRENT_PROJECT_VERSION = 1;
				GENERATE_INFOPLIST_FILE = YES;
				INFOPLIST_FILE = calculatoruikit/settings/Info.plist;
				INFOPLIST_KEY_UIApplicationSupportsIndirectInputEvents = YES;
				INFOPLIST_KEY_UILaunchStoryboardName = LaunchScreen;
				INFOPLIST_KEY_UISupportedInterfaceOrientations_iPad = "UIInterfaceOrientationPortrait UIInterfaceOrientationPortraitUpsideDown UIInterfaceOrientationLandscapeLeft UIInterfaceOrientationLandscapeRight";
				INFOPLIST_KEY_UISupportedInterfaceOrientations_iPhone = "UIInterfaceOrientationPortrait UIInterfaceOrientationLandscapeLeft UIInterfaceOrientationLandscapeRight";
				LD_RUNPATH_SEARCH_PATHS = (
					"$(inherited)",
					"@executable_path/Frameworks",
				);
				MARKETING_VERSION = 1.0;
				PRODUCT_BUNDLE_IDENTIFIER = com.ivancoder.calculatoruikit;
				PRODUCT_NAME = "$(TARGET_NAME)";
				SWIFT_EMIT_LOC_STRINGS = YES;
				SWIFT_VERSION = 5.0;
				TARGETED_DEVICE_FAMILY = "1,2";
			};
			name = Release;
		};
/* End XCBuildConfiguration section */

/* Begin XCConfigurationList section */
		2310C7942965026F0067979E /* Build configuration list for PBXProject "calculatoruikit" */ = {
			isa = XCConfigurationList;
			buildConfigurations = (
				2310C7AB296502710067979E /* Debug */,
				2310C7AC296502710067979E /* Release */,
			);
			defaultConfigurationIsVisible = 0;
			defaultConfigurationName = Release;
		};
		2310C7AD296502710067979E /* Build configuration list for PBXNativeTarget "calculatoruikit" */ = {
			isa = XCConfigurationList;
			buildConfigurations = (
				2310C7AE296502710067979E /* Debug */,
				2310C7AF296502710067979E /* Release */,
			);
			defaultConfigurationIsVisible = 0;
			defaultConfigurationName = Release;
		};
/* End XCConfigurationList section */
	};
	rootObject = 2310C7912965026F0067979E /* Project object */;
}
